
Microsoft Visual Studio Solution File, Format Version 12.00
# Visual Studio Version 16
VisualStudioVersion = 16.0.30907.101
MinimumVisualStudioVersion = 10.0.40219.1
Project("{FAE04EC0-301F-11D3-BF4B-00C04F79EFBC}") = "GameShop", "GameShop\GameShop.csproj", "{F59D04DB-55F5-410C-8755-AAC1F8F44ADD}"
EndProject
Global
	GlobalSection(SolutionConfigurationPlatforms) = preSolution
		Debug|Any CPU = Debug|Any CPU
		Release|Any CPU = Release|Any CPU
	EndGlobalSection
	GlobalSection(ProjectConfigurationPlatforms) = postSolution
		{F59D04DB-55F5-410C-8755-AAC1F8F44ADD}.Debug|Any CPU.ActiveCfg = Debug|Any CPU
		{F59D04DB-55F5-410C-8755-AAC1F8F44ADD}.Debug|Any CPU.Build.0 = Debug|Any CPU
		{F59D04DB-55F5-410C-8755-AAC1F8F44ADD}.Release|Any CPU.ActiveCfg = Release|Any CPU
		{F59D04DB-55F5-410C-8755-AAC1F8F44ADD}.Release|Any CPU.Build.0 = Release|Any CPU
	EndGlobalSection
	GlobalSection(SolutionProperties) = preSolution
		HideSolutionNode = FALSE
	EndGlobalSection
	GlobalSection(ExtensibilityGlobals) = postSolution
		SolutionGuid = {4B1A1DD9-B934-434C-8320-C28C01369834}
	EndGlobalSection
EndGlobal
